{
  "originHash" : "1a6d144c3d7d6bf7c003f16844006fad20e09a770ebed67605fc3a4d135161f0",
  "pins" : [
    {
      "identity" : "picosdkdownloader",
      "kind" : "remoteSourceControl",
      "location" : "https://github.com/sympatito/PicoSDKDownloader",
      "state" : {
        "revision" : "0716b9a392691b90fa9fd1531da5e2b9a51e9630",
        "version" : "0.0.4"
      }
    },
    {
      "identity" : "swift-argument-parser",
      "kind" : "remoteSourceControl",
      "location" : "https://github.com/apple/swift-argument-parser",
      "state" : {
        "revision" : "c5d11a805e765f52ba34ec7284bd4fcd6ba68615",
        "version" : "1.7.0"
      }
    }
  ],
  "version" : 3
}
