{
  "originHash" : "16b2187082f0ff13f15002d0bca29888c4b9af470053be9486b21aa7189340a8",
  "pins" : [
    {
      "identity" : "picosdkdownloader",
      "kind" : "remoteSourceControl",
      "location" : "https://github.com/sympatito/PicoSDKDownloader",
      "state" : {
        "revision" : "0716b9a392691b90fa9fd1531da5e2b9a51e9630",
        "version" : "0.0.4"
      }
    },
    {
      "identity" : "swift-argument-parser",
      "kind" : "remoteSourceControl",
      "location" : "https://github.com/apple/swift-argument-parser",
      "state" : {
        "revision" : "626b5b7b2f45e1b0b1c6f4a309296d1d21d7311b",
        "version" : "1.7.1"
      }
    },
    {
      "identity" : "swift-atomics",
      "kind" : "remoteSourceControl",
      "location" : "https://github.com/apple/swift-atomics",
      "state" : {
        "revision" : "b601256eab081c0f92f059e12818ac1d4f178ff7",
        "version" : "1.3.0"
      }
    }
  ],
  "version" : 3
}
