{
  "originHash" : "ecb887c1b1fb8a04192206ad92ae90680e98714fd308bf4b9158013abc678287",
  "pins" : [
    {
      "identity" : "picosdkdownloader",
      "kind" : "remoteSourceControl",
      "location" : "https://github.com/sympatito/PicoSDKDownloader",
      "state" : {
        "revision" : "0716b9a392691b90fa9fd1531da5e2b9a51e9630",
        "version" : "0.0.4"
      }
    },
    {
      "identity" : "swift-argument-parser",
      "kind" : "remoteSourceControl",
      "location" : "https://github.com/apple/swift-argument-parser",
      "state" : {
        "revision" : "c5d11a805e765f52ba34ec7284bd4fcd6ba68615",
        "version" : "1.7.0"
      }
    }
  ],
  "version" : 3
}
